
Microsoft Visual Studio Solution File, Format Version 12.00
# Visual Studio 15
VisualStudioVersion = 15.0.28307.757
MinimumVisualStudioVersion = 10.0.40219.1
Project("{FAE04EC0-301F-11D3-BF4B-00C04F79EFBC}") = "MemAppBackend", "MemAppBackend\MemAppBackend.csproj", "{1437A19D-4E81-4234-8FBC-E7ABD4262CD7}"
EndProject
Global
	GlobalSection(SolutionConfigurationPlatforms) = preSolution
		Debug|Any CPU = Debug|Any CPU
		Release|Any CPU = Release|Any CPU
	EndGlobalSection
	GlobalSection(ProjectConfigurationPlatforms) = postSolution
		{1437A19D-4E81-4234-8FBC-E7ABD4262CD7}.Debug|Any CPU.ActiveCfg = Debug|Any CPU
		{1437A19D-4E81-4234-8FBC-E7ABD4262CD7}.Debug|Any CPU.Build.0 = Debug|Any CPU
		{1437A19D-4E81-4234-8FBC-E7ABD4262CD7}.Release|Any CPU.ActiveCfg = Release|Any CPU
		{1437A19D-4E81-4234-8FBC-E7ABD4262CD7}.Release|Any CPU.Build.0 = Release|Any CPU
	EndGlobalSection
	GlobalSection(SolutionProperties) = preSolution
		HideSolutionNode = FALSE
	EndGlobalSection
	GlobalSection(ExtensibilityGlobals) = postSolution
		SolutionGuid = {EC980ED5-31BA-4A42-9E07-35C5BC44602A}
	EndGlobalSection
EndGlobal
